
Microsoft Visual Studio Solution File, Format Version 12.00
# Visual Studio Version 16
VisualStudioVersion = 16.0.30309.148
MinimumVisualStudioVersion = 10.0.40219.1
Project("{9A19103F-16F7-4668-BE54-9A1E7A4F7556}") = "01", "01\01.csproj", "{14D2D4B0-B995-4F9F-81BE-886C36554E3B}"
EndProject
Project("{9A19103F-16F7-4668-BE54-9A1E7A4F7556}") = "02", "02\02.csproj", "{EE312018-FC57-43EB-A9AB-E5EEC25B9A5A}"
EndProject
Project("{9A19103F-16F7-4668-BE54-9A1E7A4F7556}") = "03", "03\03.csproj", "{A47D7F7B-4961-412A-A46B-62B94EB21808}"
EndProject
Project("{FAE04EC0-301F-11D3-BF4B-00C04F79EFBC}") = "04", "04\04.csproj", "{CCAA628C-5294-4DF9-838E-C358932C90A8}"
EndProject
Global
	GlobalSection(SolutionConfigurationPlatforms) = preSolution
		Debug|Any CPU = Debug|Any CPU
		Release|Any CPU = Release|Any CPU
	EndGlobalSection
	GlobalSection(ProjectConfigurationPlatforms) = postSolution
		{14D2D4B0-B995-4F9F-81BE-886C36554E3B}.Debug|Any CPU.ActiveCfg = Debug|Any CPU
		{14D2D4B0-B995-4F9F-81BE-886C36554E3B}.Debug|Any CPU.Build.0 = Debug|Any CPU
		{14D2D4B0-B995-4F9F-81BE-886C36554E3B}.Release|Any CPU.ActiveCfg = Release|Any CPU
		{14D2D4B0-B995-4F9F-81BE-886C36554E3B}.Release|Any CPU.Build.0 = Release|Any CPU
		{EE312018-FC57-43EB-A9AB-E5EEC25B9A5A}.Debug|Any CPU.ActiveCfg = Debug|Any CPU
		{EE312018-FC57-43EB-A9AB-E5EEC25B9A5A}.Debug|Any CPU.Build.0 = Debug|Any CPU
		{EE312018-FC57-43EB-A9AB-E5EEC25B9A5A}.Release|Any CPU.ActiveCfg = Release|Any CPU
		{EE312018-FC57-43EB-A9AB-E5EEC25B9A5A}.Release|Any CPU.Build.0 = Release|Any CPU
		{A47D7F7B-4961-412A-A46B-62B94EB21808}.Debug|Any CPU.ActiveCfg = Debug|Any CPU
		{A47D7F7B-4961-412A-A46B-62B94EB21808}.Debug|Any CPU.Build.0 = Debug|Any CPU
		{A47D7F7B-4961-412A-A46B-62B94EB21808}.Release|Any CPU.ActiveCfg = Release|Any CPU
		{A47D7F7B-4961-412A-A46B-62B94EB21808}.Release|Any CPU.Build.0 = Release|Any CPU
		{CCAA628C-5294-4DF9-838E-C358932C90A8}.Debug|Any CPU.ActiveCfg = Debug|Any CPU
		{CCAA628C-5294-4DF9-838E-C358932C90A8}.Debug|Any CPU.Build.0 = Debug|Any CPU
		{CCAA628C-5294-4DF9-838E-C358932C90A8}.Release|Any CPU.ActiveCfg = Release|Any CPU
		{CCAA628C-5294-4DF9-838E-C358932C90A8}.Release|Any CPU.Build.0 = Release|Any CPU
	EndGlobalSection
	GlobalSection(SolutionProperties) = preSolution
		HideSolutionNode = FALSE
	EndGlobalSection
	GlobalSection(ExtensibilityGlobals) = postSolution
		SolutionGuid = {3C171C1E-9F79-4D55-90F4-B07957891B11}
	EndGlobalSection
EndGlobal
