
Microsoft Visual Studio Solution File, Format Version 12.00
# Visual Studio Version 16
VisualStudioVersion = 16.0.30309.148
MinimumVisualStudioVersion = 10.0.40219.1
Project("{FAE04EC0-301F-11D3-BF4B-00C04F79EFBC}") = "Pirates", "Pirates\Pirates.csproj", "{1DF151EE-F034-454C-9CFF-545DC3EC6585}"
EndProject
Project("{FAE04EC0-301F-11D3-BF4B-00C04F79EFBC}") = "Commands", "Commands\Commands.csproj", "{8600A5B1-0692-4A3B-9407-CFB06326995B}"
EndProject
Project("{FAE04EC0-301F-11D3-BF4B-00C04F79EFBC}") = "Deck of Cards", "Deck of Cards\Deck of Cards.csproj", "{CEB2BF84-0DB8-4EE5-9B73-737DC4674740}"
EndProject
Project("{FAE04EC0-301F-11D3-BF4B-00C04F79EFBC}") = "War Ship", "War Ship\War Ship.csproj", "{0E1FB686-D168-457D-BF85-752B78AA9F7E}"
EndProject
Project("{FAE04EC0-301F-11D3-BF4B-00C04F79EFBC}") = "Magic Cards", "Magic Cards\Magic Cards.csproj", "{67834CE6-D5E9-401B-A8CE-442F83856C69}"
EndProject
Project("{FAE04EC0-301F-11D3-BF4B-00C04F79EFBC}") = "Crafting", "Crafting\Crafting.csproj", "{F9AB739F-1EE2-45BE-8A4C-216010B95398}"
EndProject
Global
	GlobalSection(SolutionConfigurationPlatforms) = preSolution
		Debug|Any CPU = Debug|Any CPU
		Release|Any CPU = Release|Any CPU
	EndGlobalSection
	GlobalSection(ProjectConfigurationPlatforms) = postSolution
		{1DF151EE-F034-454C-9CFF-545DC3EC6585}.Debug|Any CPU.ActiveCfg = Debug|Any CPU
		{1DF151EE-F034-454C-9CFF-545DC3EC6585}.Debug|Any CPU.Build.0 = Debug|Any CPU
		{1DF151EE-F034-454C-9CFF-545DC3EC6585}.Release|Any CPU.ActiveCfg = Release|Any CPU
		{1DF151EE-F034-454C-9CFF-545DC3EC6585}.Release|Any CPU.Build.0 = Release|Any CPU
		{8600A5B1-0692-4A3B-9407-CFB06326995B}.Debug|Any CPU.ActiveCfg = Debug|Any CPU
		{8600A5B1-0692-4A3B-9407-CFB06326995B}.Debug|Any CPU.Build.0 = Debug|Any CPU
		{8600A5B1-0692-4A3B-9407-CFB06326995B}.Release|Any CPU.ActiveCfg = Release|Any CPU
		{8600A5B1-0692-4A3B-9407-CFB06326995B}.Release|Any CPU.Build.0 = Release|Any CPU
		{CEB2BF84-0DB8-4EE5-9B73-737DC4674740}.Debug|Any CPU.ActiveCfg = Debug|Any CPU
		{CEB2BF84-0DB8-4EE5-9B73-737DC4674740}.Debug|Any CPU.Build.0 = Debug|Any CPU
		{CEB2BF84-0DB8-4EE5-9B73-737DC4674740}.Release|Any CPU.ActiveCfg = Release|Any CPU
		{CEB2BF84-0DB8-4EE5-9B73-737DC4674740}.Release|Any CPU.Build.0 = Release|Any CPU
		{0E1FB686-D168-457D-BF85-752B78AA9F7E}.Debug|Any CPU.ActiveCfg = Debug|Any CPU
		{0E1FB686-D168-457D-BF85-752B78AA9F7E}.Debug|Any CPU.Build.0 = Debug|Any CPU
		{0E1FB686-D168-457D-BF85-752B78AA9F7E}.Release|Any CPU.ActiveCfg = Release|Any CPU
		{0E1FB686-D168-457D-BF85-752B78AA9F7E}.Release|Any CPU.Build.0 = Release|Any CPU
		{67834CE6-D5E9-401B-A8CE-442F83856C69}.Debug|Any CPU.ActiveCfg = Debug|Any CPU
		{67834CE6-D5E9-401B-A8CE-442F83856C69}.Debug|Any CPU.Build.0 = Debug|Any CPU
		{67834CE6-D5E9-401B-A8CE-442F83856C69}.Release|Any CPU.ActiveCfg = Release|Any CPU
		{67834CE6-D5E9-401B-A8CE-442F83856C69}.Release|Any CPU.Build.0 = Release|Any CPU
		{F9AB739F-1EE2-45BE-8A4C-216010B95398}.Debug|Any CPU.ActiveCfg = Debug|Any CPU
		{F9AB739F-1EE2-45BE-8A4C-216010B95398}.Debug|Any CPU.Build.0 = Debug|Any CPU
		{F9AB739F-1EE2-45BE-8A4C-216010B95398}.Release|Any CPU.ActiveCfg = Release|Any CPU
		{F9AB739F-1EE2-45BE-8A4C-216010B95398}.Release|Any CPU.Build.0 = Release|Any CPU
	EndGlobalSection
	GlobalSection(SolutionProperties) = preSolution
		HideSolutionNode = FALSE
	EndGlobalSection
	GlobalSection(ExtensibilityGlobals) = postSolution
		SolutionGuid = {D5174F39-FBAA-4902-A892-830630755BD2}
	EndGlobalSection
EndGlobal
