
Microsoft Visual Studio Solution File, Format Version 12.00
# Visual Studio Version 16
VisualStudioVersion = 16.0.30309.148
MinimumVisualStudioVersion = 10.0.40219.1
Project("{9A19103F-16F7-4668-BE54-9A1E7A4F7556}") = "01. Activation Keys", "01. Activation Keys\01. Activation Keys.csproj", "{09367980-CD66-4F8C-8A78-9F80837D0F20}"
EndProject
Project("{9A19103F-16F7-4668-BE54-9A1E7A4F7556}") = "02. Emoji Detector", "02. Emoji Detector\02. Emoji Detector.csproj", "{C9130F9E-EF30-40CE-81FF-647B6AAB6C95}"
EndProject
Project("{9A19103F-16F7-4668-BE54-9A1E7A4F7556}") = "03. P!rates", "03. P!rates\03. P!rates.csproj", "{7381F19F-5509-42CE-9484-AA9E6FBF3F84}"
EndProject
Project("{9A19103F-16F7-4668-BE54-9A1E7A4F7556}") = "01. The Imitation Game", "01. The Imitation Game\01. The Imitation Game.csproj", "{2C91323D-7C3F-4068-B2C1-09DC39DF57CB}"
EndProject
Project("{9A19103F-16F7-4668-BE54-9A1E7A4F7556}") = "02. Ad Astra", "02. Ad Astra\02. Ad Astra.csproj", "{CDB82B94-98B8-4219-880B-B8C4DE1DD0E5}"
EndProject
Project("{9A19103F-16F7-4668-BE54-9A1E7A4F7556}") = "03. The Pianist", "03. The Pianist\03. The Pianist.csproj", "{6626BECC-C477-44C3-A511-C3F6CC78FD47}"
EndProject
Project("{9A19103F-16F7-4668-BE54-9A1E7A4F7556}") = "01. Censorship", "01. Censorship\01. Censorship.csproj", "{964ABA05-B6CD-481A-A7EC-70CAE104A6A9}"
EndProject
Project("{9A19103F-16F7-4668-BE54-9A1E7A4F7556}") = "02. Email me", "02. Email me\02. Email me.csproj", "{29AE84E7-B32B-4F18-8C94-E93C18BB3843}"
EndProject
Project("{9A19103F-16F7-4668-BE54-9A1E7A4F7556}") = "01.Dictionary", "01.Dictionary\01.Dictionary.csproj", "{F24F1E19-108E-4CEC-AFE9-CE13CDF08206}"
EndProject
Project("{FAE04EC0-301F-11D3-BF4B-00C04F79EFBC}") = "02. Deciphering", "03.Library\02. Deciphering.csproj", "{033E89E0-0E14-40E7-8214-753E0F8E1C58}"
EndProject
Project("{9A19103F-16F7-4668-BE54-9A1E7A4F7556}") = "01. The Imitation Game-", "01. The Imitation Game-\01. The Imitation Game-.csproj", "{888EE7F7-ABEF-46FD-837F-DD2F78960D15}"
EndProject
Project("{FAE04EC0-301F-11D3-BF4B-00C04F79EFBC}") = "_Plant_Discovery", "_Plant_Discovery\_Plant_Discovery.csproj", "{51E123A4-CBC1-43D8-A227-D15D9B00BF52}"
EndProject
Global
	GlobalSection(SolutionConfigurationPlatforms) = preSolution
		Debug|Any CPU = Debug|Any CPU
		Release|Any CPU = Release|Any CPU
	EndGlobalSection
	GlobalSection(ProjectConfigurationPlatforms) = postSolution
		{09367980-CD66-4F8C-8A78-9F80837D0F20}.Debug|Any CPU.ActiveCfg = Debug|Any CPU
		{09367980-CD66-4F8C-8A78-9F80837D0F20}.Debug|Any CPU.Build.0 = Debug|Any CPU
		{09367980-CD66-4F8C-8A78-9F80837D0F20}.Release|Any CPU.ActiveCfg = Release|Any CPU
		{09367980-CD66-4F8C-8A78-9F80837D0F20}.Release|Any CPU.Build.0 = Release|Any CPU
		{C9130F9E-EF30-40CE-81FF-647B6AAB6C95}.Debug|Any CPU.ActiveCfg = Debug|Any CPU
		{C9130F9E-EF30-40CE-81FF-647B6AAB6C95}.Debug|Any CPU.Build.0 = Debug|Any CPU
		{C9130F9E-EF30-40CE-81FF-647B6AAB6C95}.Release|Any CPU.ActiveCfg = Release|Any CPU
		{C9130F9E-EF30-40CE-81FF-647B6AAB6C95}.Release|Any CPU.Build.0 = Release|Any CPU
		{7381F19F-5509-42CE-9484-AA9E6FBF3F84}.Debug|Any CPU.ActiveCfg = Debug|Any CPU
		{7381F19F-5509-42CE-9484-AA9E6FBF3F84}.Debug|Any CPU.Build.0 = Debug|Any CPU
		{7381F19F-5509-42CE-9484-AA9E6FBF3F84}.Release|Any CPU.ActiveCfg = Release|Any CPU
		{7381F19F-5509-42CE-9484-AA9E6FBF3F84}.Release|Any CPU.Build.0 = Release|Any CPU
		{2C91323D-7C3F-4068-B2C1-09DC39DF57CB}.Debug|Any CPU.ActiveCfg = Debug|Any CPU
		{2C91323D-7C3F-4068-B2C1-09DC39DF57CB}.Debug|Any CPU.Build.0 = Debug|Any CPU
		{2C91323D-7C3F-4068-B2C1-09DC39DF57CB}.Release|Any CPU.ActiveCfg = Release|Any CPU
		{2C91323D-7C3F-4068-B2C1-09DC39DF57CB}.Release|Any CPU.Build.0 = Release|Any CPU
		{CDB82B94-98B8-4219-880B-B8C4DE1DD0E5}.Debug|Any CPU.ActiveCfg = Debug|Any CPU
		{CDB82B94-98B8-4219-880B-B8C4DE1DD0E5}.Debug|Any CPU.Build.0 = Debug|Any CPU
		{CDB82B94-98B8-4219-880B-B8C4DE1DD0E5}.Release|Any CPU.ActiveCfg = Release|Any CPU
		{CDB82B94-98B8-4219-880B-B8C4DE1DD0E5}.Release|Any CPU.Build.0 = Release|Any CPU
		{6626BECC-C477-44C3-A511-C3F6CC78FD47}.Debug|Any CPU.ActiveCfg = Debug|Any CPU
		{6626BECC-C477-44C3-A511-C3F6CC78FD47}.Debug|Any CPU.Build.0 = Debug|Any CPU
		{6626BECC-C477-44C3-A511-C3F6CC78FD47}.Release|Any CPU.ActiveCfg = Release|Any CPU
		{6626BECC-C477-44C3-A511-C3F6CC78FD47}.Release|Any CPU.Build.0 = Release|Any CPU
		{964ABA05-B6CD-481A-A7EC-70CAE104A6A9}.Debug|Any CPU.ActiveCfg = Debug|Any CPU
		{964ABA05-B6CD-481A-A7EC-70CAE104A6A9}.Debug|Any CPU.Build.0 = Debug|Any CPU
		{964ABA05-B6CD-481A-A7EC-70CAE104A6A9}.Release|Any CPU.ActiveCfg = Release|Any CPU
		{964ABA05-B6CD-481A-A7EC-70CAE104A6A9}.Release|Any CPU.Build.0 = Release|Any CPU
		{29AE84E7-B32B-4F18-8C94-E93C18BB3843}.Debug|Any CPU.ActiveCfg = Debug|Any CPU
		{29AE84E7-B32B-4F18-8C94-E93C18BB3843}.Debug|Any CPU.Build.0 = Debug|Any CPU
		{29AE84E7-B32B-4F18-8C94-E93C18BB3843}.Release|Any CPU.ActiveCfg = Release|Any CPU
		{29AE84E7-B32B-4F18-8C94-E93C18BB3843}.Release|Any CPU.Build.0 = Release|Any CPU
		{F24F1E19-108E-4CEC-AFE9-CE13CDF08206}.Debug|Any CPU.ActiveCfg = Debug|Any CPU
		{F24F1E19-108E-4CEC-AFE9-CE13CDF08206}.Debug|Any CPU.Build.0 = Debug|Any CPU
		{F24F1E19-108E-4CEC-AFE9-CE13CDF08206}.Release|Any CPU.ActiveCfg = Release|Any CPU
		{F24F1E19-108E-4CEC-AFE9-CE13CDF08206}.Release|Any CPU.Build.0 = Release|Any CPU
		{033E89E0-0E14-40E7-8214-753E0F8E1C58}.Debug|Any CPU.ActiveCfg = Debug|Any CPU
		{033E89E0-0E14-40E7-8214-753E0F8E1C58}.Debug|Any CPU.Build.0 = Debug|Any CPU
		{033E89E0-0E14-40E7-8214-753E0F8E1C58}.Release|Any CPU.ActiveCfg = Release|Any CPU
		{033E89E0-0E14-40E7-8214-753E0F8E1C58}.Release|Any CPU.Build.0 = Release|Any CPU
		{888EE7F7-ABEF-46FD-837F-DD2F78960D15}.Debug|Any CPU.ActiveCfg = Debug|Any CPU
		{888EE7F7-ABEF-46FD-837F-DD2F78960D15}.Debug|Any CPU.Build.0 = Debug|Any CPU
		{888EE7F7-ABEF-46FD-837F-DD2F78960D15}.Release|Any CPU.ActiveCfg = Release|Any CPU
		{888EE7F7-ABEF-46FD-837F-DD2F78960D15}.Release|Any CPU.Build.0 = Release|Any CPU
		{51E123A4-CBC1-43D8-A227-D15D9B00BF52}.Debug|Any CPU.ActiveCfg = Debug|Any CPU
		{51E123A4-CBC1-43D8-A227-D15D9B00BF52}.Debug|Any CPU.Build.0 = Debug|Any CPU
		{51E123A4-CBC1-43D8-A227-D15D9B00BF52}.Release|Any CPU.ActiveCfg = Release|Any CPU
		{51E123A4-CBC1-43D8-A227-D15D9B00BF52}.Release|Any CPU.Build.0 = Release|Any CPU
	EndGlobalSection
	GlobalSection(SolutionProperties) = preSolution
		HideSolutionNode = FALSE
	EndGlobalSection
	GlobalSection(ExtensibilityGlobals) = postSolution
		SolutionGuid = {5EDF4E91-14E7-4A57-AFC6-A2D4EB80232D}
	EndGlobalSection
EndGlobal
